
Microsoft Visual Studio Solution File, Format Version 12.00
# Visual Studio Version 17
VisualStudioVersion = 17.7.34221.43
MinimumVisualStudioVersion = 10.0.40219.1
Project("{FAE04EC0-301F-11D3-BF4B-00C04F79EFBC}") = "gamersdomain.Server", "Server\gamersdomain.Server.csproj", "{004D6236-6BB3-4B59-83E9-978472F82366}"
EndProject
Project("{FAE04EC0-301F-11D3-BF4B-00C04F79EFBC}") = "gamersdomain.Client", "Client\gamersdomain.Client.csproj", "{D1338A9F-6297-481B-B72D-D8B5AF9D3197}"
EndProject
Project("{FAE04EC0-301F-11D3-BF4B-00C04F79EFBC}") = "gamersdomain.Shared", "Shared\gamersdomain.Shared.csproj", "{F55C5E38-0A9C-488D-A5EA-08FFF5BD7069}"
EndProject
Global
	GlobalSection(SolutionConfigurationPlatforms) = preSolution
		Debug|Any CPU = Debug|Any CPU
		Release|Any CPU = Release|Any CPU
	EndGlobalSection
	GlobalSection(ProjectConfigurationPlatforms) = postSolution
		{004D6236-6BB3-4B59-83E9-978472F82366}.Debug|Any CPU.ActiveCfg = Debug|Any CPU
		{004D6236-6BB3-4B59-83E9-978472F82366}.Debug|Any CPU.Build.0 = Debug|Any CPU
		{004D6236-6BB3-4B59-83E9-978472F82366}.Release|Any CPU.ActiveCfg = Release|Any CPU
		{004D6236-6BB3-4B59-83E9-978472F82366}.Release|Any CPU.Build.0 = Release|Any CPU
		{D1338A9F-6297-481B-B72D-D8B5AF9D3197}.Debug|Any CPU.ActiveCfg = Debug|Any CPU
		{D1338A9F-6297-481B-B72D-D8B5AF9D3197}.Debug|Any CPU.Build.0 = Debug|Any CPU
		{D1338A9F-6297-481B-B72D-D8B5AF9D3197}.Release|Any CPU.ActiveCfg = Release|Any CPU
		{D1338A9F-6297-481B-B72D-D8B5AF9D3197}.Release|Any CPU.Build.0 = Release|Any CPU
		{F55C5E38-0A9C-488D-A5EA-08FFF5BD7069}.Debug|Any CPU.ActiveCfg = Debug|Any CPU
		{F55C5E38-0A9C-488D-A5EA-08FFF5BD7069}.Debug|Any CPU.Build.0 = Debug|Any CPU
		{F55C5E38-0A9C-488D-A5EA-08FFF5BD7069}.Release|Any CPU.ActiveCfg = Release|Any CPU
		{F55C5E38-0A9C-488D-A5EA-08FFF5BD7069}.Release|Any CPU.Build.0 = Release|Any CPU
	EndGlobalSection
	GlobalSection(SolutionProperties) = preSolution
		HideSolutionNode = FALSE
	EndGlobalSection
	GlobalSection(ExtensibilityGlobals) = postSolution
		SolutionGuid = {896059C0-A289-4EDA-B69D-878C03CE3E08}
	EndGlobalSection
EndGlobal
